github.com/ashwanthkumar/slack-go-webhook v0.0.0-20181208062437-4a19b1a876b7 h1:15SC3LmDbVGJ4e17A9/hXW94BPjlefvcg+Am5/Q6sL4=
github.com/ashwanthkumar/slack-go-webhook v0.0.0-20181208062437-4a19b1a876b7/go.mod h1:97O1qkjJBHSSaWJxsTShRIeFy0HWiygk+jnugO9aX3I=
github.com/moul/http2curl v1.0.0 h1:dRMWoAtb+ePxMlLkrCbAqh4TlPHXvoGUSQ323/9Zahs=
github.com/moul/http2curl v1.0.0/go.mod h1:8UbvGypXm98wA/IqH45anm5Y2Z6ep6O31QGOAZ3H0fQ=
github.com/parnurzeal/gorequest v0.2.15 h1:oPjDCsF5IkD4gUk6vIgsxYNaSgvAnIh1EJeROn3HdJU=
github.com/parnurzeal/gorequest v0.2.15/go.mod h1:3Kh2QUMJoqw3icWAecsyzkpY7UzRfDhbRdTjtNwNiUE=
github.com/pkg/errors v0.8.1 h1:iURUrRGxPUNPdy5/HRSm+Yj6okJ6UtLINN0Q9M4+h3I=
github.com/pkg/errors v0.8.1/go.mod h1:bwawxfHBFNV+L2hUp1rHADufV3IMtnDRdf1r5NINEl0=
golang.org/x/net v0.0.0-20190227022144-312bce6e941f h1:tbtX/qtlxzhZjgQue/7u7ygFwDEckd+DmS5+t8FgeKE=
golang.org/x/net v0.0.0-20190227022144-312bce6e941f/go.mod h1:mL1N/T3taQHkDXs73rZJwtUhF3w3ftmwwsq0BUmARs4=
